// !$*UTF8*$!
{
	archiveVersion = 1;
	classes = {
	};
	objectVersion = 46;
	objects = {

/* Begin PBXBuildFile section */
		791E2D0F1502154A00617466 /* RegisterViewController.m in Sources */ = {isa = PBXBuildFile; fileRef = 791E2D0D1502154900617466 /* RegisterViewController.m */; };
		791E2D101502154A00617466 /* RegisterView.xib in Resources */ = {isa = PBXBuildFile; fileRef = 791E2D0E1502154900617466 /* RegisterView.xib */; };
		791E2D211502241800617466 /* LoginView.xib in Resources */ = {isa = PBXBuildFile; fileRef = 791E2D1E1502241800617466 /* LoginView.xib */; };
		791E2D221502241800617466 /* LoginViewController.m in Sources */ = {isa = PBXBuildFile; fileRef = 791E2D201502241800617466 /* LoginViewController.m */; };
		791E2D3B1504551C00617466 /* DisplayViewController.m in Sources */ = {isa = PBXBuildFile; fileRef = 791E2D391504551A00617466 /* DisplayViewController.m */; };
		791E2D3C1504551C00617466 /* DisplayView.xib in Resources */ = {isa = PBXBuildFile; fileRef = 791E2D3A1504551B00617466 /* DisplayView.xib */; };
		791E2D591504712100617466 /* MyPostController.m in Sources */ = {isa = PBXBuildFile; fileRef = 791E2D571504711E00617466 /* MyPostController.m */; };
		791E2D5A1504712100617466 /* MyPost.xib in Resources */ = {isa = PBXBuildFile; fileRef = 791E2D581504712000617466 /* MyPost.xib */; };
		791E2D5E1504773600617466 /* RecentPostController.m in Sources */ = {isa = PBXBuildFile; fileRef = 791E2D5C1504773300617466 /* RecentPostController.m */; };
		791E2D5F1504773600617466 /* RecentPost.xib in Resources */ = {isa = PBXBuildFile; fileRef = 791E2D5D1504773500617466 /* RecentPost.xib */; };
		792C7B9F14FE50AB00476270 /* CoreLocation.framework in Frameworks */ = {isa = PBXBuildFile; fileRef = 792C7B9E14FE50AB00476270 /* CoreLocation.framework */; };
		79328CF314F27131006730D9 /* ForFun.m in Sources */ = {isa = PBXBuildFile; fileRef = 79328CF114F27131006730D9 /* ForFun.m */; };
		79328CF414F27131006730D9 /* ForFun.xib in Resources */ = {isa = PBXBuildFile; fileRef = 79328CF214F27131006730D9 /* ForFun.xib */; };
		79328DC914F74B64006730D9 /* CFNetwork.framework in Frameworks */ = {isa = PBXBuildFile; fileRef = 79328DC814F74B64006730D9 /* CFNetwork.framework */; };
		79328DCB14F74B75006730D9 /* SystemConfiguration.framework in Frameworks */ = {isa = PBXBuildFile; fileRef = 79328DCA14F74B75006730D9 /* SystemConfiguration.framework */; };
		79328DCD14F74B83006730D9 /* MobileCoreServices.framework in Frameworks */ = {isa = PBXBuildFile; fileRef = 79328DCC14F74B83006730D9 /* MobileCoreServices.framework */; };
		79328DCF14F74B98006730D9 /* libz.dylib in Frameworks */ = {isa = PBXBuildFile; fileRef = 79328DCE14F74B98006730D9 /* libz.dylib */; };
		79328E7114F76779006730D9 /* ASIAuthenticationDialog.m in Sources */ = {isa = PBXBuildFile; fileRef = 79328E5B14F76779006730D9 /* ASIAuthenticationDialog.m */; };
		79328E7214F76779006730D9 /* ASIDataCompressor.m in Sources */ = {isa = PBXBuildFile; fileRef = 79328E5E14F76779006730D9 /* ASIDataCompressor.m */; };
		79328E7314F76779006730D9 /* ASIDataDecompressor.m in Sources */ = {isa = PBXBuildFile; fileRef = 79328E6014F76779006730D9 /* ASIDataDecompressor.m */; };
		79328E7414F76779006730D9 /* ASIDownloadCache.m in Sources */ = {isa = PBXBuildFile; fileRef = 79328E6214F76779006730D9 /* ASIDownloadCache.m */; };
		79328E7514F76779006730D9 /* ASIFormDataRequest.m in Sources */ = {isa = PBXBuildFile; fileRef = 79328E6414F76779006730D9 /* ASIFormDataRequest.m */; };
		79328E7614F76779006730D9 /* ASIHTTPRequest.m in Sources */ = {isa = PBXBuildFile; fileRef = 79328E6614F76779006730D9 /* ASIHTTPRequest.m */; };
		79328E7714F76779006730D9 /* ASIInputStream.m in Sources */ = {isa = PBXBuildFile; fileRef = 79328E6A14F76779006730D9 /* ASIInputStream.m */; };
		79328E7814F76779006730D9 /* ASINetworkQueue.m in Sources */ = {isa = PBXBuildFile; fileRef = 79328E6C14F76779006730D9 /* ASINetworkQueue.m */; };
		79328E7914F76779006730D9 /* Reachability.m in Sources */ = {isa = PBXBuildFile; fileRef = 79328E7014F76779006730D9 /* Reachability.m */; };
		79328E7D14F76E20006730D9 /* JSONKit.m in Sources */ = {isa = PBXBuildFile; fileRef = 79328E7C14F76E20006730D9 /* JSONKit.m */; };
		7964814C14F1CA5E00605489 /* ThirdViewController.m in Sources */ = {isa = PBXBuildFile; fileRef = 7964814A14F1CA5E00605489 /* ThirdViewController.m */; };
		7964814D14F1CA5E00605489 /* ThirdView.xib in Resources */ = {isa = PBXBuildFile; fileRef = 7964814B14F1CA5E00605489 /* ThirdView.xib */; };
		7964815914F1CC2C00605489 /* UIImage+Scale.m in Sources */ = {isa = PBXBuildFile; fileRef = 7964815814F1CC2C00605489 /* UIImage+Scale.m */; };
		79F30BD314F0F88400C726F8 /* UIKit.framework in Frameworks */ = {isa = PBXBuildFile; fileRef = 79F30BD214F0F88400C726F8 /* UIKit.framework */; };
		79F30BD514F0F88400C726F8 /* Foundation.framework in Frameworks */ = {isa = PBXBuildFile; fileRef = 79F30BD414F0F88400C726F8 /* Foundation.framework */; };
		79F30BD714F0F88400C726F8 /* CoreGraphics.framework in Frameworks */ = {isa = PBXBuildFile; fileRef = 79F30BD614F0F88400C726F8 /* CoreGraphics.framework */; };
		79F30BDD14F0F88400C726F8 /* InfoPlist.strings in Resources */ = {isa = PBXBuildFile; fileRef = 79F30BDB14F0F88400C726F8 /* InfoPlist.strings */; };
		79F30BE014F0F88400C726F8 /* main.m in Sources */ = {isa = PBXBuildFile; fileRef = 79F30BDF14F0F88400C726F8 /* main.m */; };
		79F30BE314F0F88400C726F8 /* ChatterAppDelegate.m in Sources */ = {isa = PBXBuildFile; fileRef = 79F30BE214F0F88400C726F8 /* ChatterAppDelegate.m */; };
		79F30BE614F0F88400C726F8 /* MainWindow.xib in Resources */ = {isa = PBXBuildFile; fileRef = 79F30BE414F0F88400C726F8 /* MainWindow.xib */; };
		79F30BE914F0F88400C726F8 /* FirstViewController.m in Sources */ = {isa = PBXBuildFile; fileRef = 79F30BE814F0F88400C726F8 /* FirstViewController.m */; };
		79F30BEC14F0F88400C726F8 /* SecondViewController.m in Sources */ = {isa = PBXBuildFile; fileRef = 79F30BEB14F0F88400C726F8 /* SecondViewController.m */; };
		79F30BEF14F0F88400C726F8 /* FirstView.xib in Resources */ = {isa = PBXBuildFile; fileRef = 79F30BED14F0F88400C726F8 /* FirstView.xib */; };
		79F30BF214F0F88400C726F8 /* SecondView.xib in Resources */ = {isa = PBXBuildFile; fileRef = 79F30BF014F0F88400C726F8 /* SecondView.xib */; };
		992970D715061357005589F5 /* MapKit.framework in Frameworks */ = {isa = PBXBuildFile; fileRef = 992970D615061357005589F5 /* MapKit.framework */; };
		99D91CB51504A57900408066 /* arrow.png in Resources */ = {isa = PBXBuildFile; fileRef = 99D91CB41504A57900408066 /* arrow.png */; };
		99D91CC01504A92100408066 /* QuartzCore.framework in Frameworks */ = {isa = PBXBuildFile; fileRef = 99D91CBF1504A92100408066 /* QuartzCore.framework */; };
/* End PBXBuildFile section */

/* Begin PBXFileReference section */
		791E2D0C1502154900617466 /* RegisterViewController.h */ = {isa = PBXFileReference; fileEncoding = 4; lastKnownFileType = sourcecode.c.h; name = RegisterViewController.h; path = Chatter.xcodeproj/RegisterViewController.h; sourceTree = SOURCE_ROOT; };
		791E2D0D1502154900617466 /* RegisterViewController.m */ = {isa = PBXFileReference; fileEncoding = 4; lastKnownFileType = sourcecode.c.objc; name = RegisterViewController.m; path = Chatter.xcodeproj/RegisterViewController.m; sourceTree = SOURCE_ROOT; };
		791E2D0E1502154900617466 /* RegisterView.xib */ = {isa = PBXFileReference; fileEncoding = 4; lastKnownFileType = file.xib; name = RegisterView.xib; path = Chatter.xcodeproj/RegisterView.xib; sourceTree = SOURCE_ROOT; };
		791E2D1E1502241800617466 /* LoginView.xib */ = {isa = PBXFileReference; fileEncoding = 4; lastKnownFileType = file.xib; path = LoginView.xib; sourceTree = "<group>"; };
		791E2D1F1502241800617466 /* LoginViewController.h */ = {isa = PBXFileReference; fileEncoding = 4; lastKnownFileType = sourcecode.c.h; path = LoginViewController.h; sourceTree = "<group>"; };
		791E2D201502241800617466 /* LoginViewController.m */ = {isa = PBXFileReference; fileEncoding = 4; lastKnownFileType = sourcecode.c.objc; path = LoginViewController.m; sourceTree = "<group>"; };
		791E2D381504551900617466 /* DisplayViewController.h */ = {isa = PBXFileReference; fileEncoding = 4; lastKnownFileType = sourcecode.c.h; path = DisplayViewController.h; sourceTree = "<group>"; };
		791E2D391504551A00617466 /* DisplayViewController.m */ = {isa = PBXFileReference; fileEncoding = 4; lastKnownFileType = sourcecode.c.objc; path = DisplayViewController.m; sourceTree = "<group>"; };
		791E2D3A1504551B00617466 /* DisplayView.xib */ = {isa = PBXFileReference; fileEncoding = 4; lastKnownFileType = file.xib; path = DisplayView.xib; sourceTree = "<group>"; };
		791E2D561504711D00617466 /* MyPostController.h */ = {isa = PBXFileReference; fileEncoding = 4; lastKnownFileType = sourcecode.c.h; path = MyPostController.h; sourceTree = "<group>"; };
		791E2D571504711E00617466 /* MyPostController.m */ = {isa = PBXFileReference; fileEncoding = 4; lastKnownFileType = sourcecode.c.objc; path = MyPostController.m; sourceTree = "<group>"; };
		791E2D581504712000617466 /* MyPost.xib */ = {isa = PBXFileReference; fileEncoding = 4; lastKnownFileType = file.xib; path = MyPost.xib; sourceTree = "<group>"; };
		791E2D5B1504773200617466 /* RecentPostController.h */ = {isa = PBXFileReference; fileEncoding = 4; lastKnownFileType = sourcecode.c.h; path = RecentPostController.h; sourceTree = "<group>"; };
		791E2D5C1504773300617466 /* RecentPostController.m */ = {isa = PBXFileReference; fileEncoding = 4; lastKnownFileType = sourcecode.c.objc; path = RecentPostController.m; sourceTree = "<group>"; };
		791E2D5D1504773500617466 /* RecentPost.xib */ = {isa = PBXFileReference; fileEncoding = 4; lastKnownFileType = file.xib; path = RecentPost.xib; sourceTree = "<group>"; };
		792C7B9E14FE50AB00476270 /* CoreLocation.framework */ = {isa = PBXFileReference; lastKnownFileType = wrapper.framework; name = CoreLocation.framework; path = System/Library/Frameworks/CoreLocation.framework; sourceTree = SDKROOT; };
		79328CF014F27131006730D9 /* ForFun.h */ = {isa = PBXFileReference; fileEncoding = 4; lastKnownFileType = sourcecode.c.h; path = ForFun.h; sourceTree = "<group>"; };
		79328CF114F27131006730D9 /* ForFun.m */ = {isa = PBXFileReference; fileEncoding = 4; lastKnownFileType = sourcecode.c.objc; path = ForFun.m; sourceTree = "<group>"; };
		79328CF214F27131006730D9 /* ForFun.xib */ = {isa = PBXFileReference; fileEncoding = 4; lastKnownFileType = file.xib; path = ForFun.xib; sourceTree = "<group>"; };
		79328DC814F74B64006730D9 /* CFNetwork.framework */ = {isa = PBXFileReference; lastKnownFileType = wrapper.framework; name = CFNetwork.framework; path = System/Library/Frameworks/CFNetwork.framework; sourceTree = SDKROOT; };
		79328DCA14F74B75006730D9 /* SystemConfiguration.framework */ = {isa = PBXFileReference; lastKnownFileType = wrapper.framework; name = SystemConfiguration.framework; path = System/Library/Frameworks/SystemConfiguration.framework; sourceTree = SDKROOT; };
		79328DCC14F74B83006730D9 /* MobileCoreServices.framework */ = {isa = PBXFileReference; lastKnownFileType = wrapper.framework; name = MobileCoreServices.framework; path = System/Library/Frameworks/MobileCoreServices.framework; sourceTree = SDKROOT; };
		79328DCE14F74B98006730D9 /* libz.dylib */ = {isa = PBXFileReference; lastKnownFileType = "compiled.mach-o.dylib"; name = libz.dylib; path = usr/lib/libz.dylib; sourceTree = SDKROOT; };
		79328E5A14F76779006730D9 /* ASIAuthenticationDialog.h */ = {isa = PBXFileReference; fileEncoding = 4; lastKnownFileType = sourcecode.c.h; name = ASIAuthenticationDialog.h; path = HTTP/ASIAuthenticationDialog.h; sourceTree = "<group>"; };
		79328E5B14F76779006730D9 /* ASIAuthenticationDialog.m */ = {isa = PBXFileReference; fileEncoding = 4; lastKnownFileType = sourcecode.c.objc; name = ASIAuthenticationDialog.m; path = HTTP/ASIAuthenticationDialog.m; sourceTree = "<group>"; };
		79328E5C14F76779006730D9 /* ASICacheDelegate.h */ = {isa = PBXFileReference; fileEncoding = 4; lastKnownFileType = sourcecode.c.h; name = ASICacheDelegate.h; path = HTTP/ASICacheDelegate.h; sourceTree = "<group>"; };
		79328E5D14F76779006730D9 /* ASIDataCompressor.h */ = {isa = PBXFileReference; fileEncoding = 4; lastKnownFileType = sourcecode.c.h; name = ASIDataCompressor.h; path = HTTP/ASIDataCompressor.h; sourceTree = "<group>"; };
		79328E5E14F76779006730D9 /* ASIDataCompressor.m */ = {isa = PBXFileReference; fileEncoding = 4; lastKnownFileType = sourcecode.c.objc; name = ASIDataCompressor.m; path = HTTP/ASIDataCompressor.m; sourceTree = "<group>"; };
		79328E5F14F76779006730D9 /* ASIDataDecompressor.h */ = {isa = PBXFileReference; fileEncoding = 4; lastKnownFileType = sourcecode.c.h; name = ASIDataDecompressor.h; path = HTTP/ASIDataDecompressor.h; sourceTree = "<group>"; };
		79328E6014F76779006730D9 /* ASIDataDecompressor.m */ = {isa = PBXFileReference; fileEncoding = 4; lastKnownFileType = sourcecode.c.objc; name = ASIDataDecompressor.m; path = HTTP/ASIDataDecompressor.m; sourceTree = "<group>"; };
		79328E6114F76779006730D9 /* ASIDownloadCache.h */ = {isa = PBXFileReference; fileEncoding = 4; lastKnownFileType = sourcecode.c.h; name = ASIDownloadCache.h; path = HTTP/ASIDownloadCache.h; sourceTree = "<group>"; };
		79328E6214F76779006730D9 /* ASIDownloadCache.m */ = {isa = PBXFileReference; fileEncoding = 4; lastKnownFileType = sourcecode.c.objc; name = ASIDownloadCache.m; path = HTTP/ASIDownloadCache.m; sourceTree = "<group>"; };
		79328E6314F76779006730D9 /* ASIFormDataRequest.h */ = {isa = PBXFileReference; fileEncoding = 4; lastKnownFileType = sourcecode.c.h; name = ASIFormDataRequest.h; path = HTTP/ASIFormDataRequest.h; sourceTree = "<group>"; };
		79328E6414F76779006730D9 /* ASIFormDataRequest.m */ = {isa = PBXFileReference; fileEncoding = 4; lastKnownFileType = sourcecode.c.objc; name = ASIFormDataRequest.m; path = HTTP/ASIFormDataRequest.m; sourceTree = "<group>"; };
		79328E6514F76779006730D9 /* ASIHTTPRequest.h */ = {isa = PBXFileReference; fileEncoding = 4; lastKnownFileType = sourcecode.c.h; name = ASIHTTPRequest.h; path = HTTP/ASIHTTPRequest.h; sourceTree = "<group>"; };
		79328E6614F76779006730D9 /* ASIHTTPRequest.m */ = {isa = PBXFileReference; fileEncoding = 4; lastKnownFileType = sourcecode.c.objc; name = ASIHTTPRequest.m; path = HTTP/ASIHTTPRequest.m; sourceTree = "<group>"; };
		79328E6714F76779006730D9 /* ASIHTTPRequestConfig.h */ = {isa = PBXFileReference; fileEncoding = 4; lastKnownFileType = sourcecode.c.h; name = ASIHTTPRequestConfig.h; path = HTTP/ASIHTTPRequestConfig.h; sourceTree = "<group>"; };
		79328E6814F76779006730D9 /* ASIHTTPRequestDelegate.h */ = {isa = PBXFileReference; fileEncoding = 4; lastKnownFileType = sourcecode.c.h; name = ASIHTTPRequestDelegate.h; path = HTTP/ASIHTTPRequestDelegate.h; sourceTree = "<group>"; };
		79328E6914F76779006730D9 /* ASIInputStream.h */ = {isa = PBXFileReference; fileEncoding = 4; lastKnownFileType = sourcecode.c.h; name = ASIInputStream.h; path = HTTP/ASIInputStream.h; sourceTree = "<group>"; };
		79328E6A14F76779006730D9 /* ASIInputStream.m */ = {isa = PBXFileReference; fileEncoding = 4; lastKnownFileType = sourcecode.c.objc; name = ASIInputStream.m; path = HTTP/ASIInputStream.m; sourceTree = "<group>"; };
		79328E6B14F76779006730D9 /* ASINetworkQueue.h */ = {isa = PBXFileReference; fileEncoding = 4; lastKnownFileType = sourcecode.c.h; name = ASINetworkQueue.h; path = HTTP/ASINetworkQueue.h; sourceTree = "<group>"; };
		79328E6C14F76779006730D9 /* ASINetworkQueue.m */ = {isa = PBXFileReference; fileEncoding = 4; lastKnownFileType = sourcecode.c.objc; name = ASINetworkQueue.m; path = HTTP/ASINetworkQueue.m; sourceTree = "<group>"; };
		79328E6D14F76779006730D9 /* ASIProgressDelegate.h */ = {isa = PBXFileReference; fileEncoding = 4; lastKnownFileType = sourcecode.c.h; name = ASIProgressDelegate.h; path = HTTP/ASIProgressDelegate.h; sourceTree = "<group>"; };
		79328E6F14F76779006730D9 /* Reachability.h */ = {isa = PBXFileReference; fileEncoding = 4; lastKnownFileType = sourcecode.c.h; path = Reachability.h; sourceTree = "<group>"; };
		79328E7014F76779006730D9 /* Reachability.m */ = {isa = PBXFileReference; fileEncoding = 4; lastKnownFileType = sourcecode.c.objc; path = Reachability.m; sourceTree = "<group>"; };
		79328E7B14F76E20006730D9 /* JSONKit.h */ = {isa = PBXFileReference; fileEncoding = 4; lastKnownFileType = sourcecode.c.h; path = JSONKit.h; sourceTree = "<group>"; };
		79328E7C14F76E20006730D9 /* JSONKit.m */ = {isa = PBXFileReference; fileEncoding = 4; lastKnownFileType = sourcecode.c.objc; path = JSONKit.m; sourceTree = "<group>"; };
		7964814914F1CA5E00605489 /* ThirdViewController.h */ = {isa = PBXFileReference; fileEncoding = 4; lastKnownFileType = sourcecode.c.h; path = ThirdViewController.h; sourceTree = "<group>"; };
		7964814A14F1CA5E00605489 /* ThirdViewController.m */ = {isa = PBXFileReference; fileEncoding = 4; lastKnownFileType = sourcecode.c.objc; path = ThirdViewController.m; sourceTree = "<group>"; };
		7964814B14F1CA5E00605489 /* ThirdView.xib */ = {isa = PBXFileReference; fileEncoding = 4; lastKnownFileType = file.xib; path = ThirdView.xib; sourceTree = "<group>"; };
		7964815714F1CC2C00605489 /* UIImage+Scale.h */ = {isa = PBXFileReference; fileEncoding = 4; lastKnownFileType = sourcecode.c.h; path = "UIImage+Scale.h"; sourceTree = "<group>"; };
		7964815814F1CC2C00605489 /* UIImage+Scale.m */ = {isa = PBXFileReference; fileEncoding = 4; lastKnownFileType = sourcecode.c.objc; path = "UIImage+Scale.m"; sourceTree = "<group>"; };
		79F30BCE14F0F88400C726F8 /* Chatter.app */ = {isa = PBXFileReference; explicitFileType = wrapper.application; includeInIndex = 0; path = Chatter.app; sourceTree = BUILT_PRODUCTS_DIR; };
		79F30BD214F0F88400C726F8 /* UIKit.framework */ = {isa = PBXFileReference; lastKnownFileType = wrapper.framework; name = UIKit.framework; path = System/Library/Frameworks/UIKit.framework; sourceTree = SDKROOT; };
		79F30BD414F0F88400C726F8 /* Foundation.framework */ = {isa = PBXFileReference; lastKnownFileType = wrapper.framework; name = Foundation.framework; path = System/Library/Frameworks/Foundation.framework; sourceTree = SDKROOT; };
		79F30BD614F0F88400C726F8 /* CoreGraphics.framework */ = {isa = PBXFileReference; lastKnownFileType = wrapper.framework; name = CoreGraphics.framework; path = System/Library/Frameworks/CoreGraphics.framework; sourceTree = SDKROOT; };
		79F30BDA14F0F88400C726F8 /* Chatter-Info.plist */ = {isa = PBXFileReference; lastKnownFileType = text.plist.xml; path = "Chatter-Info.plist"; sourceTree = "<group>"; };
		79F30BDC14F0F88400C726F8 /* en */ = {isa = PBXFileReference; lastKnownFileType = text.plist.strings; name = en; path = en.lproj/InfoPlist.strings; sourceTree = "<group>"; };
		79F30BDE14F0F88400C726F8 /* Chatter-Prefix.pch */ = {isa = PBXFileReference; lastKnownFileType = sourcecode.c.h; path = "Chatter-Prefix.pch"; sourceTree = "<group>"; };
		79F30BDF14F0F88400C726F8 /* main.m */ = {isa = PBXFileReference; lastKnownFileType = sourcecode.c.objc; path = main.m; sourceTree = "<group>"; };
		79F30BE114F0F88400C726F8 /* ChatterAppDelegate.h */ = {isa = PBXFileReference; lastKnownFileType = sourcecode.c.h; path = ChatterAppDelegate.h; sourceTree = "<group>"; };
		79F30BE214F0F88400C726F8 /* ChatterAppDelegate.m */ = {isa = PBXFileReference; lastKnownFileType = sourcecode.c.objc; path = ChatterAppDelegate.m; sourceTree = "<group>"; };
		79F30BE514F0F88400C726F8 /* en */ = {isa = PBXFileReference; lastKnownFileType = file.xib; name = en; path = en.lproj/MainWindow.xib; sourceTree = "<group>"; };
		79F30BE714F0F88400C726F8 /* FirstViewController.h */ = {isa = PBXFileReference; lastKnownFileType = sourcecode.c.h; path = FirstViewController.h; sourceTree = "<group>"; };
		79F30BE814F0F88400C726F8 /* FirstViewController.m */ = {isa = PBXFileReference; lastKnownFileType = sourcecode.c.objc; path = FirstViewController.m; sourceTree = "<group>"; };
		79F30BEA14F0F88400C726F8 /* SecondViewController.h */ = {isa = PBXFileReference; lastKnownFileType = sourcecode.c.h; path = SecondViewController.h; sourceTree = "<group>"; };
		79F30BEB14F0F88400C726F8 /* SecondViewController.m */ = {isa = PBXFileReference; lastKnownFileType = sourcecode.c.objc; path = SecondViewController.m; sourceTree = "<group>"; };
		79F30BEE14F0F88400C726F8 /* en */ = {isa = PBXFileReference; lastKnownFileType = file.xib; name = en; path = en.lproj/FirstView.xib; sourceTree = "<group>"; };
		79F30BF114F0F88400C726F8 /* en */ = {isa = PBXFileReference; lastKnownFileType = file.xib; name = en; path = en.lproj/SecondView.xib; sourceTree = "<group>"; };
		992970D615061357005589F5 /* MapKit.framework */ = {isa = PBXFileReference; lastKnownFileType = wrapper.framework; name = MapKit.framework; path = System/Library/Frameworks/MapKit.framework; sourceTree = SDKROOT; };
		99D91CB41504A57900408066 /* arrow.png */ = {isa = PBXFileReference; lastKnownFileType = image.png; path = arrow.png; sourceTree = "<group>"; };
		99D91CBF1504A92100408066 /* QuartzCore.framework */ = {isa = PBXFileReference; lastKnownFileType = wrapper.framework; name = QuartzCore.framework; path = System/Library/Frameworks/QuartzCore.framework; sourceTree = SDKROOT; };
/* End PBXFileReference section */

/* Begin PBXFrameworksBuildPhase section */
		79F30BCB14F0F88400C726F8 /* Frameworks */ = {
			isa = PBXFrameworksBuildPhase;
			buildActionMask = 2147483647;
			files = (
				992970D715061357005589F5 /* MapKit.framework in Frameworks */,
				99D91CC01504A92100408066 /* QuartzCore.framework in Frameworks */,
				792C7B9F14FE50AB00476270 /* CoreLocation.framework in Frameworks */,
				79328DCF14F74B98006730D9 /* libz.dylib in Frameworks */,
				79328DCD14F74B83006730D9 /* MobileCoreServices.framework in Frameworks */,
				79328DCB14F74B75006730D9 /* SystemConfiguration.framework in Frameworks */,
				79328DC914F74B64006730D9 /* CFNetwork.framework in Frameworks */,
				79F30BD314F0F88400C726F8 /* UIKit.framework in Frameworks */,
				79F30BD514F0F88400C726F8 /* Foundation.framework in Frameworks */,
				79F30BD714F0F88400C726F8 /* CoreGraphics.framework in Frameworks */,
			);
			runOnlyForDeploymentPostprocessing = 0;
		};
/* End PBXFrameworksBuildPhase section */

/* Begin PBXGroup section */
		791E2D0515020CF300617466 /* Classes */ = {
			isa = PBXGroup;
			children = (
				791E2D1F1502241800617466 /* LoginViewController.h */,
				791E2D201502241800617466 /* LoginViewController.m */,
				791E2D0C1502154900617466 /* RegisterViewController.h */,
				791E2D0D1502154900617466 /* RegisterViewController.m */,
				7964814914F1CA5E00605489 /* ThirdViewController.h */,
				7964814A14F1CA5E00605489 /* ThirdViewController.m */,
				791E2D561504711D00617466 /* MyPostController.h */,
				791E2D571504711E00617466 /* MyPostController.m */,
				791E2D5B1504773200617466 /* RecentPostController.h */,
				791E2D5C1504773300617466 /* RecentPostController.m */,
				79F30BEA14F0F88400C726F8 /* SecondViewController.h */,
				79F30BEB14F0F88400C726F8 /* SecondViewController.m */,
				791E2D381504551900617466 /* DisplayViewController.h */,
				791E2D391504551A00617466 /* DisplayViewController.m */,
				7964815714F1CC2C00605489 /* UIImage+Scale.h */,
				7964815814F1CC2C00605489 /* UIImage+Scale.m */,
				79F30BE714F0F88400C726F8 /* FirstViewController.h */,
				79F30BE814F0F88400C726F8 /* FirstViewController.m */,
				79328CF014F27131006730D9 /* ForFun.h */,
				79328CF114F27131006730D9 /* ForFun.m */,
				79F30BE114F0F88400C726F8 /* ChatterAppDelegate.h */,
				79F30BE214F0F88400C726F8 /* ChatterAppDelegate.m */,
			);
			name = Classes;
			sourceTree = "<group>";
		};
		791E2D0615020CFC00617466 /* Others */ = {
			isa = PBXGroup;
			children = (
				791E2D1E1502241800617466 /* LoginView.xib */,
				791E2D0E1502154900617466 /* RegisterView.xib */,
				79F30BF014F0F88400C726F8 /* SecondView.xib */,
				791E2D581504712000617466 /* MyPost.xib */,
				791E2D5D1504773500617466 /* RecentPost.xib */,
				79328CF214F27131006730D9 /* ForFun.xib */,
				7964814B14F1CA5E00605489 /* ThirdView.xib */,
				79F30BED14F0F88400C726F8 /* FirstView.xib */,
				79F30BE414F0F88400C726F8 /* MainWindow.xib */,
				791E2D3A1504551B00617466 /* DisplayView.xib */,
			);
			name = Others;
			sourceTree = "<group>";
		};
		79328DA714F749E5006730D9 /* HTTP */ = {
			isa = PBXGroup;
			children = (
				79328E5A14F76779006730D9 /* ASIAuthenticationDialog.h */,
				79328E5B14F76779006730D9 /* ASIAuthenticationDialog.m */,
				79328E5C14F76779006730D9 /* ASICacheDelegate.h */,
				79328E5D14F76779006730D9 /* ASIDataCompressor.h */,
				79328E5E14F76779006730D9 /* ASIDataCompressor.m */,
				79328E5F14F76779006730D9 /* ASIDataDecompressor.h */,
				79328E6014F76779006730D9 /* ASIDataDecompressor.m */,
				79328E6114F76779006730D9 /* ASIDownloadCache.h */,
				79328E6214F76779006730D9 /* ASIDownloadCache.m */,
				79328E6314F76779006730D9 /* ASIFormDataRequest.h */,
				79328E6414F76779006730D9 /* ASIFormDataRequest.m */,
				79328E6514F76779006730D9 /* ASIHTTPRequest.h */,
				79328E6614F76779006730D9 /* ASIHTTPRequest.m */,
				79328E6714F76779006730D9 /* ASIHTTPRequestConfig.h */,
				79328E6814F76779006730D9 /* ASIHTTPRequestDelegate.h */,
				79328E6914F76779006730D9 /* ASIInputStream.h */,
				79328E6A14F76779006730D9 /* ASIInputStream.m */,
				79328E6B14F76779006730D9 /* ASINetworkQueue.h */,
				79328E6C14F76779006730D9 /* ASINetworkQueue.m */,
				79328E6D14F76779006730D9 /* ASIProgressDelegate.h */,
				79328E6E14F76779006730D9 /* Reachability */,
			);
			name = HTTP;
			sourceTree = "<group>";
		};
		79328E6E14F76779006730D9 /* Reachability */ = {
			isa = PBXGroup;
			children = (
				79328E6F14F76779006730D9 /* Reachability.h */,
				79328E7014F76779006730D9 /* Reachability.m */,
			);
			name = Reachability;
			path = HTTP/Reachability;
			sourceTree = "<group>";
		};
		79328E7A14F76DF7006730D9 /* JSONKit */ = {
			isa = PBXGroup;
			children = (
				79328E7B14F76E20006730D9 /* JSONKit.h */,
				79328E7C14F76E20006730D9 /* JSONKit.m */,
			);
			name = JSONKit;
			sourceTree = "<group>";
		};
		79F30BC314F0F88400C726F8 = {
			isa = PBXGroup;
			children = (
				79F30BD814F0F88400C726F8 /* Chatter */,
				79F30BD114F0F88400C726F8 /* Frameworks */,
				79F30BCF14F0F88400C726F8 /* Products */,
			);
			sourceTree = "<group>";
		};
		79F30BCF14F0F88400C726F8 /* Products */ = {
			isa = PBXGroup;
			children = (
				79F30BCE14F0F88400C726F8 /* Chatter.app */,
			);
			name = Products;
			sourceTree = "<group>";
		};
		79F30BD114F0F88400C726F8 /* Frameworks */ = {
			isa = PBXGroup;
			children = (
				992970D615061357005589F5 /* MapKit.framework */,
				99D91CBF1504A92100408066 /* QuartzCore.framework */,
				792C7B9E14FE50AB00476270 /* CoreLocation.framework */,
				79328DCE14F74B98006730D9 /* libz.dylib */,
				79328DCC14F74B83006730D9 /* MobileCoreServices.framework */,
				79328DCA14F74B75006730D9 /* SystemConfiguration.framework */,
				79328DC814F74B64006730D9 /* CFNetwork.framework */,
				79F30BD214F0F88400C726F8 /* UIKit.framework */,
				79F30BD414F0F88400C726F8 /* Foundation.framework */,
				79F30BD614F0F88400C726F8 /* CoreGraphics.framework */,
			);
			name = Frameworks;
			sourceTree = "<group>";
		};
		79F30BD814F0F88400C726F8 /* Chatter */ = {
			isa = PBXGroup;
			children = (
				99D91CB41504A57900408066 /* arrow.png */,
				791E2D0615020CFC00617466 /* Others */,
				791E2D0515020CF300617466 /* Classes */,
				79328E7A14F76DF7006730D9 /* JSONKit */,
				79328DA714F749E5006730D9 /* HTTP */,
				79F30BD914F0F88400C726F8 /* Supporting Files */,
			);
			path = Chatter;
			sourceTree = "<group>";
		};
		79F30BD914F0F88400C726F8 /* Supporting Files */ = {
			isa = PBXGroup;
			children = (
				79F30BDA14F0F88400C726F8 /* Chatter-Info.plist */,
				79F30BDB14F0F88400C726F8 /* InfoPlist.strings */,
				79F30BDE14F0F88400C726F8 /* Chatter-Prefix.pch */,
				79F30BDF14F0F88400C726F8 /* main.m */,
			);
			name = "Supporting Files";
			sourceTree = "<group>";
		};
/* End PBXGroup section */

/* Begin PBXNativeTarget section */
		79F30BCD14F0F88400C726F8 /* Chatter */ = {
			isa = PBXNativeTarget;
			buildConfigurationList = 79F30BF514F0F88400C726F8 /* Build configuration list for PBXNativeTarget "Chatter" */;
			buildPhases = (
				79F30BCA14F0F88400C726F8 /* Sources */,
				79F30BCB14F0F88400C726F8 /* Frameworks */,
				79F30BCC14F0F88400C726F8 /* Resources */,
			);
			buildRules = (
			);
			dependencies = (
			);
			name = Chatter;
			productName = Chatter;
			productReference = 79F30BCE14F0F88400C726F8 /* Chatter.app */;
			productType = "com.apple.product-type.application";
		};
/* End PBXNativeTarget section */

/* Begin PBXProject section */
		79F30BC514F0F88400C726F8 /* Project object */ = {
			isa = PBXProject;
			attributes = {
				LastUpgradeCheck = 0430;
			};
			buildConfigurationList = 79F30BC814F0F88400C726F8 /* Build configuration list for PBXProject "Chatter" */;
			compatibilityVersion = "Xcode 3.2";
			developmentRegion = English;
			hasScannedForEncodings = 0;
			knownRegions = (
				en,
			);
			mainGroup = 79F30BC314F0F88400C726F8;
			productRefGroup = 79F30BCF14F0F88400C726F8 /* Products */;
			projectDirPath = "";
			projectRoot = "";
			targets = (
				79F30BCD14F0F88400C726F8 /* Chatter */,
			);
		};
/* End PBXProject section */

/* Begin PBXResourcesBuildPhase section */
		79F30BCC14F0F88400C726F8 /* Resources */ = {
			isa = PBXResourcesBuildPhase;
			buildActionMask = 2147483647;
			files = (
				79F30BDD14F0F88400C726F8 /* InfoPlist.strings in Resources */,
				79F30BE614F0F88400C726F8 /* MainWindow.xib in Resources */,
				79F30BEF14F0F88400C726F8 /* FirstView.xib in Resources */,
				79F30BF214F0F88400C726F8 /* SecondView.xib in Resources */,
				7964814D14F1CA5E00605489 /* ThirdView.xib in Resources */,
				79328CF414F27131006730D9 /* ForFun.xib in Resources */,
				791E2D101502154A00617466 /* RegisterView.xib in Resources */,
				791E2D211502241800617466 /* LoginView.xib in Resources */,
				791E2D3C1504551C00617466 /* DisplayView.xib in Resources */,
				791E2D5A1504712100617466 /* MyPost.xib in Resources */,
				791E2D5F1504773600617466 /* RecentPost.xib in Resources */,
				99D91CB51504A57900408066 /* arrow.png in Resources */,
			);
			runOnlyForDeploymentPostprocessing = 0;
		};
/* End PBXResourcesBuildPhase section */

/* Begin PBXSourcesBuildPhase section */
		79F30BCA14F0F88400C726F8 /* Sources */ = {
			isa = PBXSourcesBuildPhase;
			buildActionMask = 2147483647;
			files = (
				79F30BE014F0F88400C726F8 /* main.m in Sources */,
				79F30BE314F0F88400C726F8 /* ChatterAppDelegate.m in Sources */,
				79F30BE914F0F88400C726F8 /* FirstViewController.m in Sources */,
				79F30BEC14F0F88400C726F8 /* SecondViewController.m in Sources */,
				7964814C14F1CA5E00605489 /* ThirdViewController.m in Sources */,
				7964815914F1CC2C00605489 /* UIImage+Scale.m in Sources */,
				79328CF314F27131006730D9 /* ForFun.m in Sources */,
				79328E7114F76779006730D9 /* ASIAuthenticationDialog.m in Sources */,
				79328E7214F76779006730D9 /* ASIDataCompressor.m in Sources */,
				79328E7314F76779006730D9 /* ASIDataDecompressor.m in Sources */,
				79328E7414F76779006730D9 /* ASIDownloadCache.m in Sources */,
				79328E7514F76779006730D9 /* ASIFormDataRequest.m in Sources */,
				79328E7614F76779006730D9 /* ASIHTTPRequest.m in Sources */,
				79328E7714F76779006730D9 /* ASIInputStream.m in Sources */,
				79328E7814F76779006730D9 /* ASINetworkQueue.m in Sources */,
				79328E7914F76779006730D9 /* Reachability.m in Sources */,
				79328E7D14F76E20006730D9 /* JSONKit.m in Sources */,
				791E2D0F1502154A00617466 /* RegisterViewController.m in Sources */,
				791E2D221502241800617466 /* LoginViewController.m in Sources */,
				791E2D3B1504551C00617466 /* DisplayViewController.m in Sources */,
				791E2D591504712100617466 /* MyPostController.m in Sources */,
				791E2D5E1504773600617466 /* RecentPostController.m in Sources */,
			);
			runOnlyForDeploymentPostprocessing = 0;
		};
/* End PBXSourcesBuildPhase section */

/* Begin PBXVariantGroup section */
		79F30BDB14F0F88400C726F8 /* InfoPlist.strings */ = {
			isa = PBXVariantGroup;
			children = (
				79F30BDC14F0F88400C726F8 /* en */,
			);
			name = InfoPlist.strings;
			sourceTree = "<group>";
		};
		79F30BE414F0F88400C726F8 /* MainWindow.xib */ = {
			isa = PBXVariantGroup;
			children = (
				79F30BE514F0F88400C726F8 /* en */,
			);
			name = MainWindow.xib;
			sourceTree = "<group>";
		};
		79F30BED14F0F88400C726F8 /* FirstView.xib */ = {
			isa = PBXVariantGroup;
			children = (
				79F30BEE14F0F88400C726F8 /* en */,
			);
			name = FirstView.xib;
			sourceTree = "<group>";
		};
		79F30BF014F0F88400C726F8 /* SecondView.xib */ = {
			isa = PBXVariantGroup;
			children = (
				79F30BF114F0F88400C726F8 /* en */,
			);
			name = SecondView.xib;
			sourceTree = "<group>";
		};
/* End PBXVariantGroup section */

/* Begin XCBuildConfiguration section */
		79F30BF314F0F88400C726F8 /* Debug */ = {
			isa = XCBuildConfiguration;
			buildSettings = {
				ARCHS = "$(ARCHS_STANDARD_32_BIT)";
				"CODE_SIGN_IDENTITY[sdk=iphoneos*]" = "iPhone Developer";
				GCC_C_LANGUAGE_STANDARD = gnu99;
				GCC_OPTIMIZATION_LEVEL = 0;
				GCC_PREPROCESSOR_DEFINITIONS = DEBUG;
				GCC_SYMBOLS_PRIVATE_EXTERN = NO;
				GCC_VERSION = com.apple.compilers.llvmgcc42;
				GCC_WARN_ABOUT_RETURN_TYPE = YES;
				GCC_WARN_UNUSED_VARIABLE = YES;
				IPHONEOS_DEPLOYMENT_TARGET = 4.3;
				SDKROOT = iphoneos;
			};
			name = Debug;
		};
		79F30BF414F0F88400C726F8 /* Release */ = {
			isa = XCBuildConfiguration;
			buildSettings = {
				ARCHS = "$(ARCHS_STANDARD_32_BIT)";
				"CODE_SIGN_IDENTITY[sdk=iphoneos*]" = "iPhone Developer";
				GCC_C_LANGUAGE_STANDARD = gnu99;
				GCC_VERSION = com.apple.compilers.llvmgcc42;
				GCC_WARN_ABOUT_RETURN_TYPE = YES;
				GCC_WARN_UNUSED_VARIABLE = YES;
				IPHONEOS_DEPLOYMENT_TARGET = 4.3;
				OTHER_CFLAGS = "-DNS_BLOCK_ASSERTIONS=1";
				SDKROOT = iphoneos;
			};
			name = Release;
		};
		79F30BF614F0F88400C726F8 /* Debug */ = {
			isa = XCBuildConfiguration;
			buildSettings = {
				ALWAYS_SEARCH_USER_PATHS = NO;
				COPY_PHASE_STRIP = NO;
				GCC_DYNAMIC_NO_PIC = NO;
				GCC_PRECOMPILE_PREFIX_HEADER = YES;
				GCC_PREFIX_HEADER = "Chatter/Chatter-Prefix.pch";
				INFOPLIST_FILE = "Chatter/Chatter-Info.plist";
				PRODUCT_NAME = "$(TARGET_NAME)";
				WRAPPER_EXTENSION = app;
			};
			name = Debug;
		};
		79F30BF714F0F88400C726F8 /* Release */ = {
			isa = XCBuildConfiguration;
			buildSettings = {
				ALWAYS_SEARCH_USER_PATHS = NO;
				COPY_PHASE_STRIP = YES;
				GCC_PRECOMPILE_PREFIX_HEADER = YES;
				GCC_PREFIX_HEADER = "Chatter/Chatter-Prefix.pch";
				INFOPLIST_FILE = "Chatter/Chatter-Info.plist";
				PRODUCT_NAME = "$(TARGET_NAME)";
				VALIDATE_PRODUCT = YES;
				WRAPPER_EXTENSION = app;
			};
			name = Release;
		};
/* End XCBuildConfiguration section */

/* Begin XCConfigurationList section */
		79F30BC814F0F88400C726F8 /* Build configuration list for PBXProject "Chatter" */ = {
			isa = XCConfigurationList;
			buildConfigurations = (
				79F30BF314F0F88400C726F8 /* Debug */,
				79F30BF414F0F88400C726F8 /* Release */,
			);
			defaultConfigurationIsVisible = 0;
			defaultConfigurationName = Release;
		};
		79F30BF514F0F88400C726F8 /* Build configuration list for PBXNativeTarget "Chatter" */ = {
			isa = XCConfigurationList;
			buildConfigurations = (
				79F30BF614F0F88400C726F8 /* Debug */,
				79F30BF714F0F88400C726F8 /* Release */,
			);
			defaultConfigurationIsVisible = 0;
			defaultConfigurationName = Release;
		};
/* End XCConfigurationList section */
	};
	rootObject = 79F30BC514F0F88400C726F8 /* Project object */;
}
